
Microsoft Visual Studio Solution File, Format Version 12.00
# Visual Studio Version 16
VisualStudioVersion = 16.0.31112.23
MinimumVisualStudioVersion = 10.0.40219.1
Project("{FAE04EC0-301F-11D3-BF4B-00C04F79EFBC}") = "DataAccess", "DataAccess\DataAccess.csproj", "{A3427B72-D0A6-4F94-A4ED-5CB5190AA18A}"
EndProject
Project("{FAE04EC0-301F-11D3-BF4B-00C04F79EFBC}") = "Business", "Business\Business.csproj", "{B1073897-6655-4354-9E34-1EFA9B96399C}"
EndProject
Project("{FAE04EC0-301F-11D3-BF4B-00C04F79EFBC}") = "Entities", "Entities\Entities.csproj", "{34666238-37A6-4717-ACC9-B79AEF16BB4E}"
EndProject
Project("{FAE04EC0-301F-11D3-BF4B-00C04F79EFBC}") = "ConsoleUI", "ConsoleUI\ConsoleUI.csproj", "{8277B425-480D-4393-B204-105D17DF9FCD}"
EndProject
Global
	GlobalSection(SolutionConfigurationPlatforms) = preSolution
		Debug|Any CPU = Debug|Any CPU
		Release|Any CPU = Release|Any CPU
	EndGlobalSection
	GlobalSection(ProjectConfigurationPlatforms) = postSolution
		{A3427B72-D0A6-4F94-A4ED-5CB5190AA18A}.Debug|Any CPU.ActiveCfg = Debug|Any CPU
		{A3427B72-D0A6-4F94-A4ED-5CB5190AA18A}.Debug|Any CPU.Build.0 = Debug|Any CPU
		{A3427B72-D0A6-4F94-A4ED-5CB5190AA18A}.Release|Any CPU.ActiveCfg = Release|Any CPU
		{A3427B72-D0A6-4F94-A4ED-5CB5190AA18A}.Release|Any CPU.Build.0 = Release|Any CPU
		{B1073897-6655-4354-9E34-1EFA9B96399C}.Debug|Any CPU.ActiveCfg = Debug|Any CPU
		{B1073897-6655-4354-9E34-1EFA9B96399C}.Debug|Any CPU.Build.0 = Debug|Any CPU
		{B1073897-6655-4354-9E34-1EFA9B96399C}.Release|Any CPU.ActiveCfg = Release|Any CPU
		{B1073897-6655-4354-9E34-1EFA9B96399C}.Release|Any CPU.Build.0 = Release|Any CPU
		{34666238-37A6-4717-ACC9-B79AEF16BB4E}.Debug|Any CPU.ActiveCfg = Debug|Any CPU
		{34666238-37A6-4717-ACC9-B79AEF16BB4E}.Debug|Any CPU.Build.0 = Debug|Any CPU
		{34666238-37A6-4717-ACC9-B79AEF16BB4E}.Release|Any CPU.ActiveCfg = Release|Any CPU
		{34666238-37A6-4717-ACC9-B79AEF16BB4E}.Release|Any CPU.Build.0 = Release|Any CPU
		{8277B425-480D-4393-B204-105D17DF9FCD}.Debug|Any CPU.ActiveCfg = Debug|Any CPU
		{8277B425-480D-4393-B204-105D17DF9FCD}.Debug|Any CPU.Build.0 = Debug|Any CPU
		{8277B425-480D-4393-B204-105D17DF9FCD}.Release|Any CPU.ActiveCfg = Release|Any CPU
		{8277B425-480D-4393-B204-105D17DF9FCD}.Release|Any CPU.Build.0 = Release|Any CPU
	EndGlobalSection
	GlobalSection(SolutionProperties) = preSolution
		HideSolutionNode = FALSE
	EndGlobalSection
	GlobalSection(ExtensibilityGlobals) = postSolution
		SolutionGuid = {78B5F332-23B1-4D5F-BEB2-C5CC0798044D}
	EndGlobalSection
EndGlobal
